// !$*UTF8*$!
{
	archiveVersion = 1;
	classes = {
	};
	objectVersion = 51;
	objects = {

/* Begin PBXBuildFile section */
		A5170DF376F5FC9E87EB0054 /* Pods_collectionT.framework in Frameworks */ = {isa = PBXBuildFile; fileRef = 1B4699B6D51825B3A68F1C06 /* Pods_collectionT.framework */; };
		E011D80C24BB7833005E7A10 /* AppDelegate.swift in Sources */ = {isa = PBXBuildFile; fileRef = E011D80B24BB7833005E7A10 /* AppDelegate.swift */; };
		E011D80E24BB7833005E7A10 /* SceneDelegate.swift in Sources */ = {isa = PBXBuildFile; fileRef = E011D80D24BB7833005E7A10 /* SceneDelegate.swift */; };
		E011D81024BB7833005E7A10 /* ViewController.swift in Sources */ = {isa = PBXBuildFile; fileRef = E011D80F24BB7833005E7A10 /* ViewController.swift */; };
		E011D81324BB7833005E7A10 /* Main.storyboard in Resources */ = {isa = PBXBuildFile; fileRef = E011D81124BB7833005E7A10 /* Main.storyboard */; };
		E011D81624BB7833005E7A10 /* collectionT.xcdatamodeld in Sources */ = {isa = PBXBuildFile; fileRef = E011D81424BB7833005E7A10 /* collectionT.xcdatamodeld */; };
		E011D81824BB7835005E7A10 /* Assets.xcassets in Resources */ = {isa = PBXBuildFile; fileRef = E011D81724BB7835005E7A10 /* Assets.xcassets */; };
		E011D81B24BB7835005E7A10 /* LaunchScreen.storyboard in Resources */ = {isa = PBXBuildFile; fileRef = E011D81924BB7835005E7A10 /* LaunchScreen.storyboard */; };
		E011D82424BB7BA2005E7A10 /* ImagCollectionViewCell.swift in Sources */ = {isa = PBXBuildFile; fileRef = E011D82224BB7BA2005E7A10 /* ImagCollectionViewCell.swift */; };
		E011D82524BB7BA2005E7A10 /* ImagCollectionViewCell.xib in Resources */ = {isa = PBXBuildFile; fileRef = E011D82324BB7BA2005E7A10 /* ImagCollectionViewCell.xib */; };
/* End PBXBuildFile section */

/* Begin PBXFileReference section */
		01FC070AEB481725D3E7CB8B /* Pods-collectionT.release.xcconfig */ = {isa = PBXFileReference; includeInIndex = 1; lastKnownFileType = text.xcconfig; name = "Pods-collectionT.release.xcconfig"; path = "Target Support Files/Pods-collectionT/Pods-collectionT.release.xcconfig"; sourceTree = "<group>"; };
		1B4699B6D51825B3A68F1C06 /* Pods_collectionT.framework */ = {isa = PBXFileReference; explicitFileType = wrapper.framework; includeInIndex = 0; path = Pods_collectionT.framework; sourceTree = BUILT_PRODUCTS_DIR; };
		5BDC4DBFAD47B454DDA4EFE0 /* Pods-collectionT.debug.xcconfig */ = {isa = PBXFileReference; includeInIndex = 1; lastKnownFileType = text.xcconfig; name = "Pods-collectionT.debug.xcconfig"; path = "Target Support Files/Pods-collectionT/Pods-collectionT.debug.xcconfig"; sourceTree = "<group>"; };
		E011D80824BB7833005E7A10 /* collectionT.app */ = {isa = PBXFileReference; explicitFileType = wrapper.application; includeInIndex = 0; path = collectionT.app; sourceTree = BUILT_PRODUCTS_DIR; };
		E011D80B24BB7833005E7A10 /* AppDelegate.swift */ = {isa = PBXFileReference; lastKnownFileType = sourcecode.swift; path = AppDelegate.swift; sourceTree = "<group>"; };
		E011D80D24BB7833005E7A10 /* SceneDelegate.swift */ = {isa = PBXFileReference; lastKnownFileType = sourcecode.swift; path = SceneDelegate.swift; sourceTree = "<group>"; };
		E011D80F24BB7833005E7A10 /* ViewController.swift */ = {isa = PBXFileReference; lastKnownFileType = sourcecode.swift; path = ViewController.swift; sourceTree = "<group>"; };
		E011D81224BB7833005E7A10 /* Base */ = {isa = PBXFileReference; lastKnownFileType = file.storyboard; name = Base; path = Base.lproj/Main.storyboard; sourceTree = "<group>"; };
		E011D81524BB7833005E7A10 /* collectionT.xcdatamodel */ = {isa = PBXFileReference; lastKnownFileType = wrapper.xcdatamodel; path = collectionT.xcdatamodel; sourceTree = "<group>"; };
		E011D81724BB7835005E7A10 /* Assets.xcassets */ = {isa = PBXFileReference; lastKnownFileType = folder.assetcatalog; path = Assets.xcassets; sourceTree = "<group>"; };
		E011D81A24BB7835005E7A10 /* Base */ = {isa = PBXFileReference; lastKnownFileType = file.storyboard; name = Base; path = Base.lproj/LaunchScreen.storyboard; sourceTree = "<group>"; };
		E011D81C24BB7835005E7A10 /* Info.plist */ = {isa = PBXFileReference; lastKnownFileType = text.plist.xml; path = Info.plist; sourceTree = "<group>"; };
		E011D82224BB7BA2005E7A10 /* ImagCollectionViewCell.swift */ = {isa = PBXFileReference; fileEncoding = 4; lastKnownFileType = sourcecode.swift; name = ImagCollectionViewCell.swift; path = IBSwift/ImagCollectionViewCell.swift; sourceTree = "<group>"; };
		E011D82324BB7BA2005E7A10 /* ImagCollectionViewCell.xib */ = {isa = PBXFileReference; fileEncoding = 4; lastKnownFileType = file.xib; name = ImagCollectionViewCell.xib; path = IBSwift/ImagCollectionViewCell.xib; sourceTree = "<group>"; };
/* End PBXFileReference section */

/* Begin PBXFrameworksBuildPhase section */
		E011D80524BB7833005E7A10 /* Frameworks */ = {
			isa = PBXFrameworksBuildPhase;
			buildActionMask = 2147483647;
			files = (
				A5170DF376F5FC9E87EB0054 /* Pods_collectionT.framework in Frameworks */,
			);
			runOnlyForDeploymentPostprocessing = 0;
		};
/* End PBXFrameworksBuildPhase section */

/* Begin PBXGroup section */
		5FD96724B8C31A562A73D747 /* Frameworks */ = {
			isa = PBXGroup;
			children = (
				1B4699B6D51825B3A68F1C06 /* Pods_collectionT.framework */,
			);
			name = Frameworks;
			sourceTree = "<group>";
		};
		E011D7FF24BB7833005E7A10 = {
			isa = PBXGroup;
			children = (
				E011D80A24BB7833005E7A10 /* collectionT */,
				E011D80924BB7833005E7A10 /* Products */,
				E2ECDA9315F52C16A9204217 /* Pods */,
				5FD96724B8C31A562A73D747 /* Frameworks */,
			);
			sourceTree = "<group>";
		};
		E011D80924BB7833005E7A10 /* Products */ = {
			isa = PBXGroup;
			children = (
				E011D80824BB7833005E7A10 /* collectionT.app */,
			);
			name = Products;
			sourceTree = "<group>";
		};
		E011D80A24BB7833005E7A10 /* collectionT */ = {
			isa = PBXGroup;
			children = (
				E011D80B24BB7833005E7A10 /* AppDelegate.swift */,
				E011D80D24BB7833005E7A10 /* SceneDelegate.swift */,
				E011D82224BB7BA2005E7A10 /* ImagCollectionViewCell.swift */,
				E011D82324BB7BA2005E7A10 /* ImagCollectionViewCell.xib */,
				E011D80F24BB7833005E7A10 /* ViewController.swift */,
				E011D81124BB7833005E7A10 /* Main.storyboard */,
				E011D81724BB7835005E7A10 /* Assets.xcassets */,
				E011D81924BB7835005E7A10 /* LaunchScreen.storyboard */,
				E011D81C24BB7835005E7A10 /* Info.plist */,
				E011D81424BB7833005E7A10 /* collectionT.xcdatamodeld */,
			);
			path = collectionT;
			sourceTree = "<group>";
		};
		E2ECDA9315F52C16A9204217 /* Pods */ = {
			isa = PBXGroup;
			children = (
				5BDC4DBFAD47B454DDA4EFE0 /* Pods-collectionT.debug.xcconfig */,
				01FC070AEB481725D3E7CB8B /* Pods-collectionT.release.xcconfig */,
			);
			path = Pods;
			sourceTree = "<group>";
		};
/* End PBXGroup section */

/* Begin PBXNativeTarget section */
		E011D80724BB7833005E7A10 /* collectionT */ = {
			isa = PBXNativeTarget;
			buildConfigurationList = E011D81F24BB7835005E7A10 /* Build configuration list for PBXNativeTarget "collectionT" */;
			buildPhases = (
				08B2C780D52E8DC1DB972AC1 /* [CP] Check Pods Manifest.lock */,
				E011D80424BB7833005E7A10 /* Sources */,
				E011D80524BB7833005E7A10 /* Frameworks */,
				E011D80624BB7833005E7A10 /* Resources */,
				82E92C1ABE1DE325417C4CFB /* [CP] Embed Pods Frameworks */,
			);
			buildRules = (
			);
			dependencies = (
			);
			name = collectionT;
			productName = collectionT;
			productReference = E011D80824BB7833005E7A10 /* collectionT.app */;
			productType = "com.apple.product-type.application";
		};
/* End PBXNativeTarget section */

/* Begin PBXProject section */
		E011D80024BB7833005E7A10 /* Project object */ = {
			isa = PBXProject;
			attributes = {
				LastSwiftUpdateCheck = 1130;
				LastUpgradeCheck = 1130;
				ORGANIZATIONNAME = "shishir ";
				TargetAttributes = {
					E011D80724BB7833005E7A10 = {
						CreatedOnToolsVersion = 11.3.1;
					};
				};
			};
			buildConfigurationList = E011D80324BB7833005E7A10 /* Build configuration list for PBXProject "collectionT" */;
			compatibilityVersion = "Xcode 9.3";
			developmentRegion = en;
			hasScannedForEncodings = 0;
			knownRegions = (
				en,
				Base,
			);
			mainGroup = E011D7FF24BB7833005E7A10;
			productRefGroup = E011D80924BB7833005E7A10 /* Products */;
			projectDirPath = "";
			projectRoot = "";
			targets = (
				E011D80724BB7833005E7A10 /* collectionT */,
			);
		};
/* End PBXProject section */

/* Begin PBXResourcesBuildPhase section */
		E011D80624BB7833005E7A10 /* Resources */ = {
			isa = PBXResourcesBuildPhase;
			buildActionMask = 2147483647;
			files = (
				E011D82524BB7BA2005E7A10 /* ImagCollectionViewCell.xib in Resources */,
				E011D81B24BB7835005E7A10 /* LaunchScreen.storyboard in Resources */,
				E011D81824BB7835005E7A10 /* Assets.xcassets in Resources */,
				E011D81324BB7833005E7A10 /* Main.storyboard in Resources */,
			);
			runOnlyForDeploymentPostprocessing = 0;
		};
/* End PBXResourcesBuildPhase section */

/* Begin PBXShellScriptBuildPhase section */
		08B2C780D52E8DC1DB972AC1 /* [CP] Check Pods Manifest.lock */ = {
			isa = PBXShellScriptBuildPhase;
			buildActionMask = 2147483647;
			files = (
			);
			inputFileListPaths = (
			);
			inputPaths = (
				"${PODS_PODFILE_DIR_PATH}/Podfile.lock",
				"${PODS_ROOT}/Manifest.lock",
			);
			name = "[CP] Check Pods Manifest.lock";
			outputFileListPaths = (
			);
			outputPaths = (
				"$(DERIVED_FILE_DIR)/Pods-collectionT-checkManifestLockResult.txt",
			);
			runOnlyForDeploymentPostprocessing = 0;
			shellPath = /bin/sh;
			shellScript = "diff \"${PODS_PODFILE_DIR_PATH}/Podfile.lock\" \"${PODS_ROOT}/Manifest.lock\" > /dev/null\nif [ $? != 0 ] ; then\n    # print error to STDERR\n    echo \"error: The sandbox is not in sync with the Podfile.lock. Run 'pod install' or update your CocoaPods installation.\" >&2\n    exit 1\nfi\n# This output is used by Xcode 'outputs' to avoid re-running this script phase.\necho \"SUCCESS\" > \"${SCRIPT_OUTPUT_FILE_0}\"\n";
			showEnvVarsInLog = 0;
		};
		82E92C1ABE1DE325417C4CFB /* [CP] Embed Pods Frameworks */ = {
			isa = PBXShellScriptBuildPhase;
			buildActionMask = 2147483647;
			files = (
			);
			inputFileListPaths = (
				"${PODS_ROOT}/Target Support Files/Pods-collectionT/Pods-collectionT-frameworks-${CONFIGURATION}-input-files.xcfilelist",
			);
			name = "[CP] Embed Pods Frameworks";
			outputFileListPaths = (
				"${PODS_ROOT}/Target Support Files/Pods-collectionT/Pods-collectionT-frameworks-${CONFIGURATION}-output-files.xcfilelist",
			);
			runOnlyForDeploymentPostprocessing = 0;
			shellPath = /bin/sh;
			shellScript = "\"${PODS_ROOT}/Target Support Files/Pods-collectionT/Pods-collectionT-frameworks.sh\"\n";
			showEnvVarsInLog = 0;
		};
/* End PBXShellScriptBuildPhase section */

/* Begin PBXSourcesBuildPhase section */
		E011D80424BB7833005E7A10 /* Sources */ = {
			isa = PBXSourcesBuildPhase;
			buildActionMask = 2147483647;
			files = (
				E011D81624BB7833005E7A10 /* collectionT.xcdatamodeld in Sources */,
				E011D81024BB7833005E7A10 /* ViewController.swift in Sources */,
				E011D80C24BB7833005E7A10 /* AppDelegate.swift in Sources */,
				E011D82424BB7BA2005E7A10 /* ImagCollectionViewCell.swift in Sources */,
				E011D80E24BB7833005E7A10 /* SceneDelegate.swift in Sources */,
			);
			runOnlyForDeploymentPostprocessing = 0;
		};
/* End PBXSourcesBuildPhase section */

/* Begin PBXVariantGroup section */
		E011D81124BB7833005E7A10 /* Main.storyboard */ = {
			isa = PBXVariantGroup;
			children = (
				E011D81224BB7833005E7A10 /* Base */,
			);
			name = Main.storyboard;
			sourceTree = "<group>";
		};
		E011D81924BB7835005E7A10 /* LaunchScreen.storyboard */ = {
			isa = PBXVariantGroup;
			children = (
				E011D81A24BB7835005E7A10 /* Base */,
			);
			name = LaunchScreen.storyboard;
			sourceTree = "<group>";
		};
/* End PBXVariantGroup section */

/* Begin XCBuildConfiguration section */
		E011D81D24BB7835005E7A10 /* Debug */ = {
			isa = XCBuildConfiguration;
			buildSettings = {
				ALWAYS_SEARCH_USER_PATHS = NO;
				CLANG_ANALYZER_NONNULL = YES;
				CLANG_ANALYZER_NUMBER_OBJECT_CONVERSION = YES_AGGRESSIVE;
				CLANG_CXX_LANGUAGE_STANDARD = "gnu++14";
				CLANG_CXX_LIBRARY = "libc++";
				CLANG_ENABLE_MODULES = YES;
				CLANG_ENABLE_OBJC_ARC = YES;
				CLANG_ENABLE_OBJC_WEAK = YES;
				CLANG_WARN_BLOCK_CAPTURE_AUTORELEASING = YES;
				CLANG_WARN_BOOL_CONVERSION = YES;
				CLANG_WARN_COMMA = YES;
				CLANG_WARN_CONSTANT_CONVERSION = YES;
				CLANG_WARN_DEPRECATED_OBJC_IMPLEMENTATIONS = YES;
				CLANG_WARN_DIRECT_OBJC_ISA_USAGE = YES_ERROR;
				CLANG_WARN_DOCUMENTATION_COMMENTS = YES;
				CLANG_WARN_EMPTY_BODY = YES;
				CLANG_WARN_ENUM_CONVERSION = YES;
				CLANG_WARN_INFINITE_RECURSION = YES;
				CLANG_WARN_INT_CONVERSION = YES;
				CLANG_WARN_NON_LITERAL_NULL_CONVERSION = YES;
				CLANG_WARN_OBJC_IMPLICIT_RETAIN_SELF = YES;
				CLANG_WARN_OBJC_LITERAL_CONVERSION = YES;
				CLANG_WARN_OBJC_ROOT_CLASS = YES_ERROR;
				CLANG_WARN_RANGE_LOOP_ANALYSIS = YES;
				CLANG_WARN_STRICT_PROTOTYPES = YES;
				CLANG_WARN_SUSPICIOUS_MOVE = YES;
				CLANG_WARN_UNGUARDED_AVAILABILITY = YES_AGGRESSIVE;
				CLANG_WARN_UNREACHABLE_CODE = YES;
				CLANG_WARN__DUPLICATE_METHOD_MATCH = YES;
				COPY_PHASE_STRIP = NO;
				DEBUG_INFORMATION_FORMAT = dwarf;
				ENABLE_STRICT_OBJC_MSGSEND = YES;
				ENABLE_TESTABILITY = YES;
				GCC_C_LANGUAGE_STANDARD = gnu11;
				GCC_DYNAMIC_NO_PIC = NO;
				GCC_NO_COMMON_BLOCKS = YES;
				GCC_OPTIMIZATION_LEVEL = 0;
				GCC_PREPROCESSOR_DEFINITIONS = (
					"DEBUG=1",
					"$(inherited)",
				);
				GCC_WARN_64_TO_32_BIT_CONVERSION = YES;
				GCC_WARN_ABOUT_RETURN_TYPE = YES_ERROR;
				GCC_WARN_UNDECLARED_SELECTOR = YES;
				GCC_WARN_UNINITIALIZED_AUTOS = YES_AGGRESSIVE;
				GCC_WARN_UNUSED_FUNCTION = YES;
				GCC_WARN_UNUSED_VARIABLE = YES;
				IPHONEOS_DEPLOYMENT_TARGET = 13.2;
				MTL_ENABLE_DEBUG_INFO = INCLUDE_SOURCE;
				MTL_FAST_MATH = YES;
				ONLY_ACTIVE_ARCH = YES;
				SDKROOT = iphoneos;
				SWIFT_ACTIVE_COMPILATION_CONDITIONS = DEBUG;
				SWIFT_OPTIMIZATION_LEVEL = "-Onone";
			};
			name = Debug;
		};
		E011D81E24BB7835005E7A10 /* Release */ = {
			isa = XCBuildConfiguration;
			buildSettings = {
				ALWAYS_SEARCH_USER_PATHS = NO;
				CLANG_ANALYZER_NONNULL = YES;
				CLANG_ANALYZER_NUMBER_OBJECT_CONVERSION = YES_AGGRESSIVE;
				CLANG_CXX_LANGUAGE_STANDARD = "gnu++14";
				CLANG_CXX_LIBRARY = "libc++";
				CLANG_ENABLE_MODULES = YES;
				CLANG_ENABLE_OBJC_ARC = YES;
				CLANG_ENABLE_OBJC_WEAK = YES;
				CLANG_WARN_BLOCK_CAPTURE_AUTORELEASING = YES;
				CLANG_WARN_BOOL_CONVERSION = YES;
				CLANG_WARN_COMMA = YES;
				CLANG_WARN_CONSTANT_CONVERSION = YES;
				CLANG_WARN_DEPRECATED_OBJC_IMPLEMENTATIONS = YES;
				CLANG_WARN_DIRECT_OBJC_ISA_USAGE = YES_ERROR;
				CLANG_WARN_DOCUMENTATION_COMMENTS = YES;
				CLANG_WARN_EMPTY_BODY = YES;
				CLANG_WARN_ENUM_CONVERSION = YES;
				CLANG_WARN_INFINITE_RECURSION = YES;
				CLANG_WARN_INT_CONVERSION = YES;
				CLANG_WARN_NON_LITERAL_NULL_CONVERSION = YES;
				CLANG_WARN_OBJC_IMPLICIT_RETAIN_SELF = YES;
				CLANG_WARN_OBJC_LITERAL_CONVERSION = YES;
				CLANG_WARN_OBJC_ROOT_CLASS = YES_ERROR;
				CLANG_WARN_RANGE_LOOP_ANALYSIS = YES;
				CLANG_WARN_STRICT_PROTOTYPES = YES;
				CLANG_WARN_SUSPICIOUS_MOVE = YES;
				CLANG_WARN_UNGUARDED_AVAILABILITY = YES_AGGRESSIVE;
				CLANG_WARN_UNREACHABLE_CODE = YES;
				CLANG_WARN__DUPLICATE_METHOD_MATCH = YES;
				COPY_PHASE_STRIP = NO;
				DEBUG_INFORMATION_FORMAT = "dwarf-with-dsym";
				ENABLE_NS_ASSERTIONS = NO;
				ENABLE_STRICT_OBJC_MSGSEND = YES;
				GCC_C_LANGUAGE_STANDARD = gnu11;
				GCC_NO_COMMON_BLOCKS = YES;
				GCC_WARN_64_TO_32_BIT_CONVERSION = YES;
				GCC_WARN_ABOUT_RETURN_TYPE = YES_ERROR;
				GCC_WARN_UNDECLARED_SELECTOR = YES;
				GCC_WARN_UNINITIALIZED_AUTOS = YES_AGGRESSIVE;
				GCC_WARN_UNUSED_FUNCTION = YES;
				GCC_WARN_UNUSED_VARIABLE = YES;
				IPHONEOS_DEPLOYMENT_TARGET = 13.2;
				MTL_ENABLE_DEBUG_INFO = NO;
				MTL_FAST_MATH = YES;
				SDKROOT = iphoneos;
				SWIFT_COMPILATION_MODE = wholemodule;
				SWIFT_OPTIMIZATION_LEVEL = "-O";
				VALIDATE_PRODUCT = YES;
			};
			name = Release;
		};
		E011D82024BB7835005E7A10 /* Debug */ = {
			isa = XCBuildConfiguration;
			baseConfigurationReference = 5BDC4DBFAD47B454DDA4EFE0 /* Pods-collectionT.debug.xcconfig */;
			buildSettings = {
				ASSETCATALOG_COMPILER_APPICON_NAME = AppIcon;
				CODE_SIGN_STYLE = Automatic;
				DEVELOPMENT_TEAM = 92L57X7YGH;
				INFOPLIST_FILE = collectionT/Info.plist;
				LD_RUNPATH_SEARCH_PATHS = (
					"$(inherited)",
					"@executable_path/Frameworks",
				);
				PRODUCT_BUNDLE_IDENTIFIER = com.twinbit.collectionT;
				PRODUCT_NAME = "$(TARGET_NAME)";
				SWIFT_VERSION = 5.0;
				TARGETED_DEVICE_FAMILY = "1,2";
			};
			name = Debug;
		};
		E011D82124BB7835005E7A10 /* Release */ = {
			isa = XCBuildConfiguration;
			baseConfigurationReference = 01FC070AEB481725D3E7CB8B /* Pods-collectionT.release.xcconfig */;
			buildSettings = {
				ASSETCATALOG_COMPILER_APPICON_NAME = AppIcon;
				CODE_SIGN_STYLE = Automatic;
				DEVELOPMENT_TEAM = 92L57X7YGH;
				INFOPLIST_FILE = collectionT/Info.plist;
				LD_RUNPATH_SEARCH_PATHS = (
					"$(inherited)",
					"@executable_path/Frameworks",
				);
				PRODUCT_BUNDLE_IDENTIFIER = com.twinbit.collectionT;
				PRODUCT_NAME = "$(TARGET_NAME)";
				SWIFT_VERSION = 5.0;
				TARGETED_DEVICE_FAMILY = "1,2";
			};
			name = Release;
		};
/* End XCBuildConfiguration section */

/* Begin XCConfigurationList section */
		E011D80324BB7833005E7A10 /* Build configuration list for PBXProject "collectionT" */ = {
			isa = XCConfigurationList;
			buildConfigurations = (
				E011D81D24BB7835005E7A10 /* Debug */,
				E011D81E24BB7835005E7A10 /* Release */,
			);
			defaultConfigurationIsVisible = 0;
			defaultConfigurationName = Release;
		};
		E011D81F24BB7835005E7A10 /* Build configuration list for PBXNativeTarget "collectionT" */ = {
			isa = XCConfigurationList;
			buildConfigurations = (
				E011D82024BB7835005E7A10 /* Debug */,
				E011D82124BB7835005E7A10 /* Release */,
			);
			defaultConfigurationIsVisible = 0;
			defaultConfigurationName = Release;
		};
/* End XCConfigurationList section */

/* Begin XCVersionGroup section */
		E011D81424BB7833005E7A10 /* collectionT.xcdatamodeld */ = {
			isa = XCVersionGroup;
			children = (
				E011D81524BB7833005E7A10 /* collectionT.xcdatamodel */,
			);
			currentVersion = E011D81524BB7833005E7A10 /* collectionT.xcdatamodel */;
			path = collectionT.xcdatamodeld;
			sourceTree = "<group>";
			versionGroupType = wrapper.xcdatamodel;
		};
/* End XCVersionGroup section */
	};
	rootObject = E011D80024BB7833005E7A10 /* Project object */;
}
